
Microsoft Visual Studio Solution File, Format Version 12.00
# Visual Studio Version 16
VisualStudioVersion = 16.0.30114.105
MinimumVisualStudioVersion = 10.0.40219.1
Project("{9A19103F-16F7-4668-BE54-9A1E7A4F7556}") = "JiraPortal", "JiraPortal\JiraPortal.csproj", "{7768891A-A62D-489C-B390-F2806732F4E2}"
EndProject
Project("{9A19103F-16F7-4668-BE54-9A1E7A4F7556}") = "JiraCore", "..\JiraCore\JiraCore.csproj", "{4DE901E7-AD45-489B-BDDE-DACE641BF539}"
EndProject
Project("{FAE04EC0-301F-11D3-BF4B-00C04F79EFBC}") = "JiraFormatter", "..\JiraFormatter\JiraFormatter\JiraFormatter.csproj", "{F67FA685-6A00-4EE1-8CBF-764B8EDEDDF0}"
EndProject
Project("{FAE04EC0-301F-11D3-BF4B-00C04F79EFBC}") = "UnitTests", "UnitTests\UnitTests.csproj", "{1180E3DC-1005-43F6-BE69-927A50CF476F}"
EndProject
Global
	GlobalSection(SolutionConfigurationPlatforms) = preSolution
		Debug|Any CPU = Debug|Any CPU
		Release|Any CPU = Release|Any CPU
	EndGlobalSection
	GlobalSection(ProjectConfigurationPlatforms) = postSolution
		{7768891A-A62D-489C-B390-F2806732F4E2}.Debug|Any CPU.ActiveCfg = Debug|Any CPU
		{7768891A-A62D-489C-B390-F2806732F4E2}.Debug|Any CPU.Build.0 = Debug|Any CPU
		{7768891A-A62D-489C-B390-F2806732F4E2}.Release|Any CPU.ActiveCfg = Release|Any CPU
		{7768891A-A62D-489C-B390-F2806732F4E2}.Release|Any CPU.Build.0 = Release|Any CPU
		{4DE901E7-AD45-489B-BDDE-DACE641BF539}.Debug|Any CPU.ActiveCfg = Debug|Any CPU
		{4DE901E7-AD45-489B-BDDE-DACE641BF539}.Debug|Any CPU.Build.0 = Debug|Any CPU
		{4DE901E7-AD45-489B-BDDE-DACE641BF539}.Release|Any CPU.ActiveCfg = Release|Any CPU
		{4DE901E7-AD45-489B-BDDE-DACE641BF539}.Release|Any CPU.Build.0 = Release|Any CPU
		{F67FA685-6A00-4EE1-8CBF-764B8EDEDDF0}.Debug|Any CPU.ActiveCfg = Debug|Any CPU
		{F67FA685-6A00-4EE1-8CBF-764B8EDEDDF0}.Debug|Any CPU.Build.0 = Debug|Any CPU
		{F67FA685-6A00-4EE1-8CBF-764B8EDEDDF0}.Release|Any CPU.ActiveCfg = Release|Any CPU
		{F67FA685-6A00-4EE1-8CBF-764B8EDEDDF0}.Release|Any CPU.Build.0 = Release|Any CPU
		{1180E3DC-1005-43F6-BE69-927A50CF476F}.Debug|Any CPU.ActiveCfg = Debug|Any CPU
		{1180E3DC-1005-43F6-BE69-927A50CF476F}.Debug|Any CPU.Build.0 = Debug|Any CPU
		{1180E3DC-1005-43F6-BE69-927A50CF476F}.Release|Any CPU.ActiveCfg = Release|Any CPU
		{1180E3DC-1005-43F6-BE69-927A50CF476F}.Release|Any CPU.Build.0 = Release|Any CPU
	EndGlobalSection
	GlobalSection(SolutionProperties) = preSolution
		HideSolutionNode = FALSE
	EndGlobalSection
	GlobalSection(ExtensibilityGlobals) = postSolution
		SolutionGuid = {71FF5B99-711F-43A1-A89B-A3A556DD3D5F}
	EndGlobalSection
EndGlobal
